// !$*UTF8*$!
{
	archiveVersion = 1;
	classes = {
	};
	objectVersion = 48;
	objects = {

/* Begin PBXBuildFile section */
		CDF76D5C20541504009DEF85 /* AppDelegate.swift in Sources */ = {isa = PBXBuildFile; fileRef = CDF76D5B20541504009DEF85 /* AppDelegate.swift */; };
		CDF76D5E20541504009DEF85 /* ViewController.swift in Sources */ = {isa = PBXBuildFile; fileRef = CDF76D5D20541504009DEF85 /* ViewController.swift */; };
		CDF76D6120541504009DEF85 /* Main.storyboard in Resources */ = {isa = PBXBuildFile; fileRef = CDF76D5F20541504009DEF85 /* Main.storyboard */; };
		CDF76D6320541504009DEF85 /* Assets.xcassets in Resources */ = {isa = PBXBuildFile; fileRef = CDF76D6220541504009DEF85 /* Assets.xcassets */; };
		CDF76D6620541504009DEF85 /* LaunchScreen.storyboard in Resources */ = {isa = PBXBuildFile; fileRef = CDF76D6420541504009DEF85 /* LaunchScreen.storyboard */; };
		CDF76D7120541504009DEF85 /* PacketReaderTests.swift in Sources */ = {isa = PBXBuildFile; fileRef = CDF76D7020541504009DEF85 /* PacketReaderTests.swift */; };
/* End PBXBuildFile section */

/* Begin PBXContainerItemProxy section */
		CDF76D6D20541504009DEF85 /* PBXContainerItemProxy */ = {
			isa = PBXContainerItemProxy;
			containerPortal = CDF76D5020541504009DEF85 /* Project object */;
			proxyType = 1;
			remoteGlobalIDString = CDF76D5720541504009DEF85;
			remoteInfo = PacketReader;
		};
/* End PBXContainerItemProxy section */

/* Begin PBXFileReference section */
		CDF76D5820541504009DEF85 /* PacketReader.app */ = {isa = PBXFileReference; explicitFileType = wrapper.application; includeInIndex = 0; path = PacketReader.app; sourceTree = BUILT_PRODUCTS_DIR; };
		CDF76D5B20541504009DEF85 /* AppDelegate.swift */ = {isa = PBXFileReference; lastKnownFileType = sourcecode.swift; path = AppDelegate.swift; sourceTree = "<group>"; };
		CDF76D5D20541504009DEF85 /* ViewController.swift */ = {isa = PBXFileReference; lastKnownFileType = sourcecode.swift; path = ViewController.swift; sourceTree = "<group>"; };
		CDF76D6020541504009DEF85 /* Base */ = {isa = PBXFileReference; lastKnownFileType = file.storyboard; name = Base; path = Base.lproj/Main.storyboard; sourceTree = "<group>"; };
		CDF76D6220541504009DEF85 /* Assets.xcassets */ = {isa = PBXFileReference; lastKnownFileType = folder.assetcatalog; path = Assets.xcassets; sourceTree = "<group>"; };
		CDF76D6520541504009DEF85 /* Base */ = {isa = PBXFileReference; lastKnownFileType = file.storyboard; name = Base; path = Base.lproj/LaunchScreen.storyboard; sourceTree = "<group>"; };
		CDF76D6720541504009DEF85 /* Info.plist */ = {isa = PBXFileReference; lastKnownFileType = text.plist.xml; path = Info.plist; sourceTree = "<group>"; };
		CDF76D6C20541504009DEF85 /* PacketReaderTests.xctest */ = {isa = PBXFileReference; explicitFileType = wrapper.cfbundle; includeInIndex = 0; path = PacketReaderTests.xctest; sourceTree = BUILT_PRODUCTS_DIR; };
		CDF76D7020541504009DEF85 /* PacketReaderTests.swift */ = {isa = PBXFileReference; lastKnownFileType = sourcecode.swift; path = PacketReaderTests.swift; sourceTree = "<group>"; };
		CDF76D7220541504009DEF85 /* Info.plist */ = {isa = PBXFileReference; lastKnownFileType = text.plist.xml; path = Info.plist; sourceTree = "<group>"; };
/* End PBXFileReference section */

/* Begin PBXFrameworksBuildPhase section */
		CDF76D5520541504009DEF85 /* Frameworks */ = {
			isa = PBXFrameworksBuildPhase;
			buildActionMask = 2147483647;
			files = (
			);
			runOnlyForDeploymentPostprocessing = 0;
		};
		CDF76D6920541504009DEF85 /* Frameworks */ = {
			isa = PBXFrameworksBuildPhase;
			buildActionMask = 2147483647;
			files = (
			);
			runOnlyForDeploymentPostprocessing = 0;
		};
/* End PBXFrameworksBuildPhase section */

/* Begin PBXGroup section */
		CDF76D4F20541504009DEF85 = {
			isa = PBXGroup;
			children = (
				CDF76D5A20541504009DEF85 /* PacketReader */,
				CDF76D6F20541504009DEF85 /* PacketReaderTests */,
				CDF76D5920541504009DEF85 /* Products */,
			);
			sourceTree = "<group>";
		};
		CDF76D5920541504009DEF85 /* Products */ = {
			isa = PBXGroup;
			children = (
				CDF76D5820541504009DEF85 /* PacketReader.app */,
				CDF76D6C20541504009DEF85 /* PacketReaderTests.xctest */,
			);
			name = Products;
			sourceTree = "<group>";
		};
		CDF76D5A20541504009DEF85 /* PacketReader */ = {
			isa = PBXGroup;
			children = (
				CDF76D5B20541504009DEF85 /* AppDelegate.swift */,
				CDF76D5D20541504009DEF85 /* ViewController.swift */,
				CDF76D5F20541504009DEF85 /* Main.storyboard */,
				CDF76D6220541504009DEF85 /* Assets.xcassets */,
				CDF76D6420541504009DEF85 /* LaunchScreen.storyboard */,
				CDF76D6720541504009DEF85 /* Info.plist */,
			);
			path = PacketReader;
			sourceTree = "<group>";
		};
		CDF76D6F20541504009DEF85 /* PacketReaderTests */ = {
			isa = PBXGroup;
			children = (
				CDF76D7020541504009DEF85 /* PacketReaderTests.swift */,
				CDF76D7220541504009DEF85 /* Info.plist */,
			);
			path = PacketReaderTests;
			sourceTree = "<group>";
		};
/* End PBXGroup section */

/* Begin PBXNativeTarget section */
		CDF76D5720541504009DEF85 /* PacketReader */ = {
			isa = PBXNativeTarget;
			buildConfigurationList = CDF76D7520541504009DEF85 /* Build configuration list for PBXNativeTarget "PacketReader" */;
			buildPhases = (
				CDF76D5420541504009DEF85 /* Sources */,
				CDF76D5520541504009DEF85 /* Frameworks */,
				CDF76D5620541504009DEF85 /* Resources */,
			);
			buildRules = (
			);
			dependencies = (
			);
			name = PacketReader;
			productName = PacketReader;
			productReference = CDF76D5820541504009DEF85 /* PacketReader.app */;
			productType = "com.apple.product-type.application";
		};
		CDF76D6B20541504009DEF85 /* PacketReaderTests */ = {
			isa = PBXNativeTarget;
			buildConfigurationList = CDF76D7820541504009DEF85 /* Build configuration list for PBXNativeTarget "PacketReaderTests" */;
			buildPhases = (
				CDF76D6820541504009DEF85 /* Sources */,
				CDF76D6920541504009DEF85 /* Frameworks */,
				CDF76D6A20541504009DEF85 /* Resources */,
			);
			buildRules = (
			);
			dependencies = (
				CDF76D6E20541504009DEF85 /* PBXTargetDependency */,
			);
			name = PacketReaderTests;
			productName = PacketReaderTests;
			productReference = CDF76D6C20541504009DEF85 /* PacketReaderTests.xctest */;
			productType = "com.apple.product-type.bundle.unit-test";
		};
/* End PBXNativeTarget section */

/* Begin PBXProject section */
		CDF76D5020541504009DEF85 /* Project object */ = {
			isa = PBXProject;
			attributes = {
				LastSwiftUpdateCheck = 0910;
				LastUpgradeCheck = 0910;
				ORGANIZATIONNAME = "Philip Shen";
				TargetAttributes = {
					CDF76D5720541504009DEF85 = {
						CreatedOnToolsVersion = 9.1;
						ProvisioningStyle = Automatic;
					};
					CDF76D6B20541504009DEF85 = {
						CreatedOnToolsVersion = 9.1;
						ProvisioningStyle = Automatic;
						TestTargetID = CDF76D5720541504009DEF85;
					};
				};
			};
			buildConfigurationList = CDF76D5320541504009DEF85 /* Build configuration list for PBXProject "PacketReader" */;
			compatibilityVersion = "Xcode 8.0";
			developmentRegion = en;
			hasScannedForEncodings = 0;
			knownRegions = (
				en,
				Base,
			);
			mainGroup = CDF76D4F20541504009DEF85;
			productRefGroup = CDF76D5920541504009DEF85 /* Products */;
			projectDirPath = "";
			projectRoot = "";
			targets = (
				CDF76D5720541504009DEF85 /* PacketReader */,
				CDF76D6B20541504009DEF85 /* PacketReaderTests */,
			);
		};
/* End PBXProject section */

/* Begin PBXResourcesBuildPhase section */
		CDF76D5620541504009DEF85 /* Resources */ = {
			isa = PBXResourcesBuildPhase;
			buildActionMask = 2147483647;
			files = (
				CDF76D6620541504009DEF85 /* LaunchScreen.storyboard in Resources */,
				CDF76D6320541504009DEF85 /* Assets.xcassets in Resources */,
				CDF76D6120541504009DEF85 /* Main.storyboard in Resources */,
			);
			runOnlyForDeploymentPostprocessing = 0;
		};
		CDF76D6A20541504009DEF85 /* Resources */ = {
			isa = PBXResourcesBuildPhase;
			buildActionMask = 2147483647;
			files = (
			);
			runOnlyForDeploymentPostprocessing = 0;
		};
/* End PBXResourcesBuildPhase section */

/* Begin PBXSourcesBuildPhase section */
		CDF76D5420541504009DEF85 /* Sources */ = {
			isa = PBXSourcesBuildPhase;
			buildActionMask = 2147483647;
			files = (
				CDF76D5E20541504009DEF85 /* ViewController.swift in Sources */,
				CDF76D5C20541504009DEF85 /* AppDelegate.swift in Sources */,
			);
			runOnlyForDeploymentPostprocessing = 0;
		};
		CDF76D6820541504009DEF85 /* Sources */ = {
			isa = PBXSourcesBuildPhase;
			buildActionMask = 2147483647;
			files = (
				CDF76D7120541504009DEF85 /* PacketReaderTests.swift in Sources */,
			);
			runOnlyForDeploymentPostprocessing = 0;
		};
/* End PBXSourcesBuildPhase section */

/* Begin PBXTargetDependency section */
		CDF76D6E20541504009DEF85 /* PBXTargetDependency */ = {
			isa = PBXTargetDependency;
			target = CDF76D5720541504009DEF85 /* PacketReader */;
			targetProxy = CDF76D6D20541504009DEF85 /* PBXContainerItemProxy */;
		};
/* End PBXTargetDependency section */

/* Begin PBXVariantGroup section */
		CDF76D5F20541504009DEF85 /* Main.storyboard */ = {
			isa = PBXVariantGroup;
			children = (
				CDF76D6020541504009DEF85 /* Base */,
			);
			name = Main.storyboard;
			sourceTree = "<group>";
		};
		CDF76D6420541504009DEF85 /* LaunchScreen.storyboard */ = {
			isa = PBXVariantGroup;
			children = (
				CDF76D6520541504009DEF85 /* Base */,
			);
			name = LaunchScreen.storyboard;
			sourceTree = "<group>";
		};
/* End PBXVariantGroup section */

/* Begin XCBuildConfiguration section */
		CDF76D7320541504009DEF85 /* Debug */ = {
			isa = XCBuildConfiguration;
			buildSettings = {
				ALWAYS_SEARCH_USER_PATHS = NO;
				CLANG_ANALYZER_NONNULL = YES;
				CLANG_ANALYZER_NUMBER_OBJECT_CONVERSION = YES_AGGRESSIVE;
				CLANG_CXX_LANGUAGE_STANDARD = "gnu++14";
				CLANG_CXX_LIBRARY = "libc++";
				CLANG_ENABLE_MODULES = YES;
				CLANG_ENABLE_OBJC_ARC = YES;
				CLANG_WARN_BLOCK_CAPTURE_AUTORELEASING = YES;
				CLANG_WARN_BOOL_CONVERSION = YES;
				CLANG_WARN_COMMA = YES;
				CLANG_WARN_CONSTANT_CONVERSION = YES;
				CLANG_WARN_DIRECT_OBJC_ISA_USAGE = YES_ERROR;
				CLANG_WARN_DOCUMENTATION_COMMENTS = YES;
				CLANG_WARN_EMPTY_BODY = YES;
				CLANG_WARN_ENUM_CONVERSION = YES;
				CLANG_WARN_INFINITE_RECURSION = YES;
				CLANG_WARN_INT_CONVERSION = YES;
				CLANG_WARN_NON_LITERAL_NULL_CONVERSION = YES;
				CLANG_WARN_OBJC_LITERAL_CONVERSION = YES;
				CLANG_WARN_OBJC_ROOT_CLASS = YES_ERROR;
				CLANG_WARN_RANGE_LOOP_ANALYSIS = YES;
				CLANG_WARN_STRICT_PROTOTYPES = YES;
				CLANG_WARN_SUSPICIOUS_MOVE = YES;
				CLANG_WARN_UNGUARDED_AVAILABILITY = YES_AGGRESSIVE;
				CLANG_WARN_UNREACHABLE_CODE = YES;
				CLANG_WARN__DUPLICATE_METHOD_MATCH = YES;
				CODE_SIGN_IDENTITY = "iPhone Developer";
				COPY_PHASE_STRIP = NO;
				DEBUG_INFORMATION_FORMAT = dwarf;
				ENABLE_STRICT_OBJC_MSGSEND = YES;
				ENABLE_TESTABILITY = YES;
				GCC_C_LANGUAGE_STANDARD = gnu11;
				GCC_DYNAMIC_NO_PIC = NO;
				GCC_NO_COMMON_BLOCKS = YES;
				GCC_OPTIMIZATION_LEVEL = 0;
				GCC_PREPROCESSOR_DEFINITIONS = (
					"DEBUG=1",
					"$(inherited)",
				);
				GCC_WARN_64_TO_32_BIT_CONVERSION = YES;
				GCC_WARN_ABOUT_RETURN_TYPE = YES_ERROR;
				GCC_WARN_UNDECLARED_SELECTOR = YES;
				GCC_WARN_UNINITIALIZED_AUTOS = YES_AGGRESSIVE;
				GCC_WARN_UNUSED_FUNCTION = YES;
				GCC_WARN_UNUSED_VARIABLE = YES;
				IPHONEOS_DEPLOYMENT_TARGET = 11.1;
				MTL_ENABLE_DEBUG_INFO = YES;
				ONLY_ACTIVE_ARCH = YES;
				SDKROOT = iphoneos;
				SWIFT_ACTIVE_COMPILATION_CONDITIONS = DEBUG;
				SWIFT_OPTIMIZATION_LEVEL = "-Onone";
			};
			name = Debug;
		};
		CDF76D7420541504009DEF85 /* Release */ = {
			isa = XCBuildConfiguration;
			buildSettings = {
				ALWAYS_SEARCH_USER_PATHS = NO;
				CLANG_ANALYZER_NONNULL = YES;
				CLANG_ANALYZER_NUMBER_OBJECT_CONVERSION = YES_AGGRESSIVE;
				CLANG_CXX_LANGUAGE_STANDARD = "gnu++14";
				CLANG_CXX_LIBRARY = "libc++";
				CLANG_ENABLE_MODULES = YES;
				CLANG_ENABLE_OBJC_ARC = YES;
				CLANG_WARN_BLOCK_CAPTURE_AUTORELEASING = YES;
				CLANG_WARN_BOOL_CONVERSION = YES;
				CLANG_WARN_COMMA = YES;
				CLANG_WARN_CONSTANT_CONVERSION = YES;
				CLANG_WARN_DIRECT_OBJC_ISA_USAGE = YES_ERROR;
				CLANG_WARN_DOCUMENTATION_COMMENTS = YES;
				CLANG_WARN_EMPTY_BODY = YES;
				CLANG_WARN_ENUM_CONVERSION = YES;
				CLANG_WARN_INFINITE_RECURSION = YES;
				CLANG_WARN_INT_CONVERSION = YES;
				CLANG_WARN_NON_LITERAL_NULL_CONVERSION = YES;
				CLANG_WARN_OBJC_LITERAL_CONVERSION = YES;
				CLANG_WARN_OBJC_ROOT_CLASS = YES_ERROR;
				CLANG_WARN_RANGE_LOOP_ANALYSIS = YES;
				CLANG_WARN_STRICT_PROTOTYPES = YES;
				CLANG_WARN_SUSPICIOUS_MOVE = YES;
				CLANG_WARN_UNGUARDED_AVAILABILITY = YES_AGGRESSIVE;
				CLANG_WARN_UNREACHABLE_CODE = YES;
				CLANG_WARN__DUPLICATE_METHOD_MATCH = YES;
				CODE_SIGN_IDENTITY = "iPhone Developer";
				COPY_PHASE_STRIP = NO;
				DEBUG_INFORMATION_FORMAT = "dwarf-with-dsym";
				ENABLE_NS_ASSERTIONS = NO;
				ENABLE_STRICT_OBJC_MSGSEND = YES;
				GCC_C_LANGUAGE_STANDARD = gnu11;
				GCC_NO_COMMON_BLOCKS = YES;
				GCC_WARN_64_TO_32_BIT_CONVERSION = YES;
				GCC_WARN_ABOUT_RETURN_TYPE = YES_ERROR;
				GCC_WARN_UNDECLARED_SELECTOR = YES;
				GCC_WARN_UNINITIALIZED_AUTOS = YES_AGGRESSIVE;
				GCC_WARN_UNUSED_FUNCTION = YES;
				GCC_WARN_UNUSED_VARIABLE = YES;
				IPHONEOS_DEPLOYMENT_TARGET = 11.1;
				MTL_ENABLE_DEBUG_INFO = NO;
				SDKROOT = iphoneos;
				SWIFT_OPTIMIZATION_LEVEL = "-Owholemodule";
				VALIDATE_PRODUCT = YES;
			};
			name = Release;
		};
		CDF76D7620541504009DEF85 /* Debug */ = {
			isa = XCBuildConfiguration;
			buildSettings = {
				ASSETCATALOG_COMPILER_APPICON_NAME = AppIcon;
				CODE_SIGN_STYLE = Automatic;
				INFOPLIST_FILE = PacketReader/Info.plist;
				LD_RUNPATH_SEARCH_PATHS = "$(inherited) @executable_path/Frameworks";
				PRODUCT_BUNDLE_IDENTIFIER = com.philipshen.testing.PacketReader;
				PRODUCT_NAME = "$(TARGET_NAME)";
				SWIFT_VERSION = 4.0;
				TARGETED_DEVICE_FAMILY = "1,2";
			};
			name = Debug;
		};
		CDF76D7720541504009DEF85 /* Release */ = {
			isa = XCBuildConfiguration;
			buildSettings = {
				ASSETCATALOG_COMPILER_APPICON_NAME = AppIcon;
				CODE_SIGN_STYLE = Automatic;
				INFOPLIST_FILE = PacketReader/Info.plist;
				LD_RUNPATH_SEARCH_PATHS = "$(inherited) @executable_path/Frameworks";
				PRODUCT_BUNDLE_IDENTIFIER = com.philipshen.testing.PacketReader;
				PRODUCT_NAME = "$(TARGET_NAME)";
				SWIFT_VERSION = 4.0;
				TARGETED_DEVICE_FAMILY = "1,2";
			};
			name = Release;
		};
		CDF76D7920541504009DEF85 /* Debug */ = {
			isa = XCBuildConfiguration;
			buildSettings = {
				ALWAYS_EMBED_SWIFT_STANDARD_LIBRARIES = YES;
				BUNDLE_LOADER = "$(TEST_HOST)";
				CODE_SIGN_STYLE = Automatic;
				INFOPLIST_FILE = PacketReaderTests/Info.plist;
				LD_RUNPATH_SEARCH_PATHS = "$(inherited) @executable_path/Frameworks @loader_path/Frameworks";
				PRODUCT_BUNDLE_IDENTIFIER = com.philipshen.testing.PacketReaderTests;
				PRODUCT_NAME = "$(TARGET_NAME)";
				SWIFT_VERSION = 4.0;
				TARGETED_DEVICE_FAMILY = "1,2";
				TEST_HOST = "$(BUILT_PRODUCTS_DIR)/PacketReader.app/PacketReader";
			};
			name = Debug;
		};
		CDF76D7A20541504009DEF85 /* Release */ = {
			isa = XCBuildConfiguration;
			buildSettings = {
				ALWAYS_EMBED_SWIFT_STANDARD_LIBRARIES = YES;
				BUNDLE_LOADER = "$(TEST_HOST)";
				CODE_SIGN_STYLE = Automatic;
				INFOPLIST_FILE = PacketReaderTests/Info.plist;
				LD_RUNPATH_SEARCH_PATHS = "$(inherited) @executable_path/Frameworks @loader_path/Frameworks";
				PRODUCT_BUNDLE_IDENTIFIER = com.philipshen.testing.PacketReaderTests;
				PRODUCT_NAME = "$(TARGET_NAME)";
				SWIFT_VERSION = 4.0;
				TARGETED_DEVICE_FAMILY = "1,2";
				TEST_HOST = "$(BUILT_PRODUCTS_DIR)/PacketReader.app/PacketReader";
			};
			name = Release;
		};
/* End XCBuildConfiguration section */

/* Begin XCConfigurationList section */
		CDF76D5320541504009DEF85 /* Build configuration list for PBXProject "PacketReader" */ = {
			isa = XCConfigurationList;
			buildConfigurations = (
				CDF76D7320541504009DEF85 /* Debug */,
				CDF76D7420541504009DEF85 /* Release */,
			);
			defaultConfigurationIsVisible = 0;
			defaultConfigurationName = Release;
		};
		CDF76D7520541504009DEF85 /* Build configuration list for PBXNativeTarget "PacketReader" */ = {
			isa = XCConfigurationList;
			buildConfigurations = (
				CDF76D7620541504009DEF85 /* Debug */,
				CDF76D7720541504009DEF85 /* Release */,
			);
			defaultConfigurationIsVisible = 0;
			defaultConfigurationName = Release;
		};
		CDF76D7820541504009DEF85 /* Build configuration list for PBXNativeTarget "PacketReaderTests" */ = {
			isa = XCConfigurationList;
			buildConfigurations = (
				CDF76D7920541504009DEF85 /* Debug */,
				CDF76D7A20541504009DEF85 /* Release */,
			);
			defaultConfigurationIsVisible = 0;
			defaultConfigurationName = Release;
		};
/* End XCConfigurationList section */
	};
	rootObject = CDF76D5020541504009DEF85 /* Project object */;
}
